// !$*UTF8*$!
{
	archiveVersion = 1;
	classes = {
	};
	objectVersion = 48;
	objects = {

/* Begin PBXBuildFile section */
		4435DC4020A0BC09002ED43E /* CustomImageView.swift in Sources */ = {isa = PBXBuildFile; fileRef = 4435DC3F20A0BC09002ED43E /* CustomImageView.swift */; };
		443E9864208BBC41008A833B /* AppDelegate.swift in Sources */ = {isa = PBXBuildFile; fileRef = 443E9863208BBC41008A833B /* AppDelegate.swift */; };
		443E9866208BBC41008A833B /* MessagesVC.swift in Sources */ = {isa = PBXBuildFile; fileRef = 443E9865208BBC41008A833B /* MessagesVC.swift */; };
		443E9869208BBC41008A833B /* Main.storyboard in Resources */ = {isa = PBXBuildFile; fileRef = 443E9867208BBC41008A833B /* Main.storyboard */; };
		443E986B208BBC41008A833B /* Assets.xcassets in Resources */ = {isa = PBXBuildFile; fileRef = 443E986A208BBC41008A833B /* Assets.xcassets */; };
		443E986E208BBC41008A833B /* LaunchScreen.storyboard in Resources */ = {isa = PBXBuildFile; fileRef = 443E986C208BBC41008A833B /* LaunchScreen.storyboard */; };
		443E9876208BBCE7008A833B /* GoogleService-Info.plist in Resources */ = {isa = PBXBuildFile; fileRef = 443E9875208BBCE7008A833B /* GoogleService-Info.plist */; };
		4444FFF7209230A500E5FFED /* LoginVC.swift in Sources */ = {isa = PBXBuildFile; fileRef = 4444FFF6209230A500E5FFED /* LoginVC.swift */; };
		4444FFFA209231A000E5FFED /* Extensions.swift in Sources */ = {isa = PBXBuildFile; fileRef = 4444FFF9209231A000E5FFED /* Extensions.swift */; };
		4475D2FF20D004E6002D1FAF /* ChatLogVC.swift in Sources */ = {isa = PBXBuildFile; fileRef = 4475D2FE20D004E6002D1FAF /* ChatLogVC.swift */; };
		447610BE20A08333002A6521 /* User.swift in Sources */ = {isa = PBXBuildFile; fileRef = 447610BD20A08333002A6521 /* User.swift */; };
		447610C020A0848F002A6521 /* NewMessageTableVC.swift in Sources */ = {isa = PBXBuildFile; fileRef = 447610BF20A0848F002A6521 /* NewMessageTableVC.swift */; };
		447610C320A086BD002A6521 /* NewMessageTableViewCell.swift in Sources */ = {isa = PBXBuildFile; fileRef = 447610C220A086BD002A6521 /* NewMessageTableViewCell.swift */; };
		D1A5D8435E7FC5F3ADD704CC /* Pods_ChatterBox.framework in Frameworks */ = {isa = PBXBuildFile; fileRef = 5C3D5805635930A329D5E944 /* Pods_ChatterBox.framework */; };
/* End PBXBuildFile section */

/* Begin PBXFileReference section */
		4435DC3F20A0BC09002ED43E /* CustomImageView.swift */ = {isa = PBXFileReference; lastKnownFileType = sourcecode.swift; path = CustomImageView.swift; sourceTree = "<group>"; };
		443E9860208BBC41008A833B /* ChatterBox.app */ = {isa = PBXFileReference; explicitFileType = wrapper.application; includeInIndex = 0; path = ChatterBox.app; sourceTree = BUILT_PRODUCTS_DIR; };
		443E9863208BBC41008A833B /* AppDelegate.swift */ = {isa = PBXFileReference; lastKnownFileType = sourcecode.swift; path = AppDelegate.swift; sourceTree = "<group>"; wrapsLines = 0; };
		443E9865208BBC41008A833B /* MessagesVC.swift */ = {isa = PBXFileReference; lastKnownFileType = sourcecode.swift; path = MessagesVC.swift; sourceTree = "<group>"; };
		443E9868208BBC41008A833B /* Base */ = {isa = PBXFileReference; lastKnownFileType = file.storyboard; name = Base; path = Base.lproj/Main.storyboard; sourceTree = "<group>"; };
		443E986A208BBC41008A833B /* Assets.xcassets */ = {isa = PBXFileReference; lastKnownFileType = folder.assetcatalog; path = Assets.xcassets; sourceTree = "<group>"; };
		443E986D208BBC41008A833B /* Base */ = {isa = PBXFileReference; lastKnownFileType = file.storyboard; name = Base; path = Base.lproj/LaunchScreen.storyboard; sourceTree = "<group>"; };
		443E986F208BBC41008A833B /* Info.plist */ = {isa = PBXFileReference; lastKnownFileType = text.plist.xml; path = Info.plist; sourceTree = "<group>"; };
		443E9875208BBCE7008A833B /* GoogleService-Info.plist */ = {isa = PBXFileReference; fileEncoding = 4; lastKnownFileType = text.plist.xml; path = "GoogleService-Info.plist"; sourceTree = "<group>"; };
		4444FFF6209230A500E5FFED /* LoginVC.swift */ = {isa = PBXFileReference; lastKnownFileType = sourcecode.swift; path = LoginVC.swift; sourceTree = "<group>"; wrapsLines = 1; };
		4444FFF9209231A000E5FFED /* Extensions.swift */ = {isa = PBXFileReference; lastKnownFileType = sourcecode.swift; path = Extensions.swift; sourceTree = "<group>"; wrapsLines = 1; };
		4475D2FE20D004E6002D1FAF /* ChatLogVC.swift */ = {isa = PBXFileReference; lastKnownFileType = sourcecode.swift; path = ChatLogVC.swift; sourceTree = "<group>"; };
		447610BD20A08333002A6521 /* User.swift */ = {isa = PBXFileReference; lastKnownFileType = sourcecode.swift; path = User.swift; sourceTree = "<group>"; };
		447610BF20A0848F002A6521 /* NewMessageTableVC.swift */ = {isa = PBXFileReference; lastKnownFileType = sourcecode.swift; path = NewMessageTableVC.swift; sourceTree = "<group>"; };
		447610C220A086BD002A6521 /* NewMessageTableViewCell.swift */ = {isa = PBXFileReference; lastKnownFileType = sourcecode.swift; path = NewMessageTableViewCell.swift; sourceTree = "<group>"; };
		5C3D5805635930A329D5E944 /* Pods_ChatterBox.framework */ = {isa = PBXFileReference; explicitFileType = wrapper.framework; includeInIndex = 0; path = Pods_ChatterBox.framework; sourceTree = BUILT_PRODUCTS_DIR; };
		DEB378B4D4A285CE9B25A602 /* Pods-ChatterBox.release.xcconfig */ = {isa = PBXFileReference; includeInIndex = 1; lastKnownFileType = text.xcconfig; name = "Pods-ChatterBox.release.xcconfig"; path = "Pods/Target Support Files/Pods-ChatterBox/Pods-ChatterBox.release.xcconfig"; sourceTree = "<group>"; };
		F897670C7BDBC3FBD0146A6A /* Pods-ChatterBox.debug.xcconfig */ = {isa = PBXFileReference; includeInIndex = 1; lastKnownFileType = text.xcconfig; name = "Pods-ChatterBox.debug.xcconfig"; path = "Pods/Target Support Files/Pods-ChatterBox/Pods-ChatterBox.debug.xcconfig"; sourceTree = "<group>"; };
/* End PBXFileReference section */

/* Begin PBXFrameworksBuildPhase section */
		443E985D208BBC41008A833B /* Frameworks */ = {
			isa = PBXFrameworksBuildPhase;
			buildActionMask = 2147483647;
			files = (
				D1A5D8435E7FC5F3ADD704CC /* Pods_ChatterBox.framework in Frameworks */,
			);
			runOnlyForDeploymentPostprocessing = 0;
		};
/* End PBXFrameworksBuildPhase section */

/* Begin PBXGroup section */
		065E3520003A69444013D782 /* Frameworks */ = {
			isa = PBXGroup;
			children = (
				5C3D5805635930A329D5E944 /* Pods_ChatterBox.framework */,
			);
			name = Frameworks;
			sourceTree = "<group>";
		};
		443E9857208BBC41008A833B = {
			isa = PBXGroup;
			children = (
				443E9862208BBC41008A833B /* ChatterBox */,
				443E9861208BBC41008A833B /* Products */,
				C9E3A6E811AD02DB51FE9B9D /* Pods */,
				065E3520003A69444013D782 /* Frameworks */,
			);
			sourceTree = "<group>";
		};
		443E9861208BBC41008A833B /* Products */ = {
			isa = PBXGroup;
			children = (
				443E9860208BBC41008A833B /* ChatterBox.app */,
			);
			name = Products;
			sourceTree = "<group>";
		};
		443E9862208BBC41008A833B /* ChatterBox */ = {
			isa = PBXGroup;
			children = (
				443E9863208BBC41008A833B /* AppDelegate.swift */,
				447610BC20A08327002A6521 /* Models */,
				4444FFF82092318E00E5FFED /* Utilities */,
				4444FFF52092309600E5FFED /* Controllers */,
				447610C120A086A1002A6521 /* TableViewCells */,
				4480CD86208BBDA1005A6C75 /* Views */,
				443E986F208BBC41008A833B /* Info.plist */,
				443E9877208BBCF0008A833B /* SupportingFiles */,
			);
			path = ChatterBox;
			sourceTree = "<group>";
		};
		443E9877208BBCF0008A833B /* SupportingFiles */ = {
			isa = PBXGroup;
			children = (
				443E9875208BBCE7008A833B /* GoogleService-Info.plist */,
			);
			path = SupportingFiles;
			sourceTree = "<group>";
		};
		4444FFF52092309600E5FFED /* Controllers */ = {
			isa = PBXGroup;
			children = (
				4444FFF6209230A500E5FFED /* LoginVC.swift */,
				443E9865208BBC41008A833B /* MessagesVC.swift */,
				447610BF20A0848F002A6521 /* NewMessageTableVC.swift */,
				4475D2FE20D004E6002D1FAF /* ChatLogVC.swift */,
			);
			path = Controllers;
			sourceTree = "<group>";
		};
		4444FFF82092318E00E5FFED /* Utilities */ = {
			isa = PBXGroup;
			children = (
				4444FFF9209231A000E5FFED /* Extensions.swift */,
				4435DC3F20A0BC09002ED43E /* CustomImageView.swift */,
			);
			path = Utilities;
			sourceTree = "<group>";
		};
		447610BC20A08327002A6521 /* Models */ = {
			isa = PBXGroup;
			children = (
				447610BD20A08333002A6521 /* User.swift */,
			);
			path = Models;
			sourceTree = "<group>";
		};
		447610C120A086A1002A6521 /* TableViewCells */ = {
			isa = PBXGroup;
			children = (
				447610C220A086BD002A6521 /* NewMessageTableViewCell.swift */,
			);
			path = TableViewCells;
			sourceTree = "<group>";
		};
		4480CD86208BBDA1005A6C75 /* Views */ = {
			isa = PBXGroup;
			children = (
				443E986C208BBC41008A833B /* LaunchScreen.storyboard */,
				443E9867208BBC41008A833B /* Main.storyboard */,
				443E986A208BBC41008A833B /* Assets.xcassets */,
			);
			path = Views;
			sourceTree = "<group>";
		};
		C9E3A6E811AD02DB51FE9B9D /* Pods */ = {
			isa = PBXGroup;
			children = (
				F897670C7BDBC3FBD0146A6A /* Pods-ChatterBox.debug.xcconfig */,
				DEB378B4D4A285CE9B25A602 /* Pods-ChatterBox.release.xcconfig */,
			);
			name = Pods;
			sourceTree = "<group>";
		};
/* End PBXGroup section */

/* Begin PBXNativeTarget section */
		443E985F208BBC41008A833B /* ChatterBox */ = {
			isa = PBXNativeTarget;
			buildConfigurationList = 443E9872208BBC41008A833B /* Build configuration list for PBXNativeTarget "ChatterBox" */;
			buildPhases = (
				371AE1235F6B45ADED72091B /* [CP] Check Pods Manifest.lock */,
				443E985C208BBC41008A833B /* Sources */,
				443E985D208BBC41008A833B /* Frameworks */,
				443E985E208BBC41008A833B /* Resources */,
				8FF5507E837A7FCB2310A022 /* [CP] Embed Pods Frameworks */,
				5FA394D61391609D9C0CAC51 /* [CP] Copy Pods Resources */,
			);
			buildRules = (
			);
			dependencies = (
			);
			name = ChatterBox;
			productName = ChatterBox;
			productReference = 443E9860208BBC41008A833B /* ChatterBox.app */;
			productType = "com.apple.product-type.application";
		};
/* End PBXNativeTarget section */

/* Begin PBXProject section */
		443E9858208BBC41008A833B /* Project object */ = {
			isa = PBXProject;
			attributes = {
				LastSwiftUpdateCheck = 0920;
				LastUpgradeCheck = 0940;
				ORGANIZATIONNAME = "Nathaniel Remy";
				TargetAttributes = {
					443E985F208BBC41008A833B = {
						CreatedOnToolsVersion = 9.2;
						ProvisioningStyle = Automatic;
					};
				};
			};
			buildConfigurationList = 443E985B208BBC41008A833B /* Build configuration list for PBXProject "ChatterBox" */;
			compatibilityVersion = "Xcode 8.0";
			developmentRegion = en;
			hasScannedForEncodings = 0;
			knownRegions = (
				en,
				Base,
			);
			mainGroup = 443E9857208BBC41008A833B;
			productRefGroup = 443E9861208BBC41008A833B /* Products */;
			projectDirPath = "";
			projectRoot = "";
			targets = (
				443E985F208BBC41008A833B /* ChatterBox */,
			);
		};
/* End PBXProject section */

/* Begin PBXResourcesBuildPhase section */
		443E985E208BBC41008A833B /* Resources */ = {
			isa = PBXResourcesBuildPhase;
			buildActionMask = 2147483647;
			files = (
				443E986E208BBC41008A833B /* LaunchScreen.storyboard in Resources */,
				443E986B208BBC41008A833B /* Assets.xcassets in Resources */,
				443E9869208BBC41008A833B /* Main.storyboard in Resources */,
				443E9876208BBCE7008A833B /* GoogleService-Info.plist in Resources */,
			);
			runOnlyForDeploymentPostprocessing = 0;
		};
/* End PBXResourcesBuildPhase section */

/* Begin PBXShellScriptBuildPhase section */
		371AE1235F6B45ADED72091B /* [CP] Check Pods Manifest.lock */ = {
			isa = PBXShellScriptBuildPhase;
			buildActionMask = 2147483647;
			files = (
			);
			inputPaths = (
				"${PODS_PODFILE_DIR_PATH}/Podfile.lock",
				"${PODS_ROOT}/Manifest.lock",
			);
			name = "[CP] Check Pods Manifest.lock";
			outputPaths = (
				"$(DERIVED_FILE_DIR)/Pods-ChatterBox-checkManifestLockResult.txt",
			);
			runOnlyForDeploymentPostprocessing = 0;
			shellPath = /bin/sh;
			shellScript = "diff \"${PODS_PODFILE_DIR_PATH}/Podfile.lock\" \"${PODS_ROOT}/Manifest.lock\" > /dev/null\nif [ $? != 0 ] ; then\n    # print error to STDERR\n    echo \"error: The sandbox is not in sync with the Podfile.lock. Run 'pod install' or update your CocoaPods installation.\" >&2\n    exit 1\nfi\n# This output is used by Xcode 'outputs' to avoid re-running this script phase.\necho \"SUCCESS\" > \"${SCRIPT_OUTPUT_FILE_0}\"\n";
			showEnvVarsInLog = 0;
		};
		5FA394D61391609D9C0CAC51 /* [CP] Copy Pods Resources */ = {
			isa = PBXShellScriptBuildPhase;
			buildActionMask = 2147483647;
			files = (
			);
			inputPaths = (
			);
			name = "[CP] Copy Pods Resources";
			outputPaths = (
			);
			runOnlyForDeploymentPostprocessing = 0;
			shellPath = /bin/sh;
			shellScript = "\"${SRCROOT}/Pods/Target Support Files/Pods-ChatterBox/Pods-ChatterBox-resources.sh\"\n";
			showEnvVarsInLog = 0;
		};
		8FF5507E837A7FCB2310A022 /* [CP] Embed Pods Frameworks */ = {
			isa = PBXShellScriptBuildPhase;
			buildActionMask = 2147483647;
			files = (
			);
			inputPaths = (
				"${SRCROOT}/Pods/Target Support Files/Pods-ChatterBox/Pods-ChatterBox-frameworks.sh",
				"${BUILT_PRODUCTS_DIR}/GTMSessionFetcher/GTMSessionFetcher.framework",
				"${BUILT_PRODUCTS_DIR}/GoogleToolboxForMac/GoogleToolboxForMac.framework",
				"${BUILT_PRODUCTS_DIR}/leveldb-library/leveldb.framework",
				"${BUILT_PRODUCTS_DIR}/nanopb/nanopb.framework",
			);
			name = "[CP] Embed Pods Frameworks";
			outputPaths = (
				"${TARGET_BUILD_DIR}/${FRAMEWORKS_FOLDER_PATH}/GTMSessionFetcher.framework",
				"${TARGET_BUILD_DIR}/${FRAMEWORKS_FOLDER_PATH}/GoogleToolboxForMac.framework",
				"${TARGET_BUILD_DIR}/${FRAMEWORKS_FOLDER_PATH}/leveldb.framework",
				"${TARGET_BUILD_DIR}/${FRAMEWORKS_FOLDER_PATH}/nanopb.framework",
			);
			runOnlyForDeploymentPostprocessing = 0;
			shellPath = /bin/sh;
			shellScript = "\"${SRCROOT}/Pods/Target Support Files/Pods-ChatterBox/Pods-ChatterBox-frameworks.sh\"\n";
			showEnvVarsInLog = 0;
		};
/* End PBXShellScriptBuildPhase section */

/* Begin PBXSourcesBuildPhase section */
		443E985C208BBC41008A833B /* Sources */ = {
			isa = PBXSourcesBuildPhase;
			buildActionMask = 2147483647;
			files = (
				447610C020A0848F002A6521 /* NewMessageTableVC.swift in Sources */,
				4435DC4020A0BC09002ED43E /* CustomImageView.swift in Sources */,
				443E9866208BBC41008A833B /* MessagesVC.swift in Sources */,
				443E9864208BBC41008A833B /* AppDelegate.swift in Sources */,
				4444FFF7209230A500E5FFED /* LoginVC.swift in Sources */,
				447610BE20A08333002A6521 /* User.swift in Sources */,
				4444FFFA209231A000E5FFED /* Extensions.swift in Sources */,
				4475D2FF20D004E6002D1FAF /* ChatLogVC.swift in Sources */,
				447610C320A086BD002A6521 /* NewMessageTableViewCell.swift in Sources */,
			);
			runOnlyForDeploymentPostprocessing = 0;
		};
/* End PBXSourcesBuildPhase section */

/* Begin PBXVariantGroup section */
		443E9867208BBC41008A833B /* Main.storyboard */ = {
			isa = PBXVariantGroup;
			children = (
				443E9868208BBC41008A833B /* Base */,
			);
			name = Main.storyboard;
			sourceTree = "<group>";
		};
		443E986C208BBC41008A833B /* LaunchScreen.storyboard */ = {
			isa = PBXVariantGroup;
			children = (
				443E986D208BBC41008A833B /* Base */,
			);
			name = LaunchScreen.storyboard;
			sourceTree = "<group>";
		};
/* End PBXVariantGroup section */

/* Begin XCBuildConfiguration section */
		443E9870208BBC41008A833B /* Debug */ = {
			isa = XCBuildConfiguration;
			buildSettings = {
				ALWAYS_SEARCH_USER_PATHS = NO;
				CLANG_ANALYZER_NONNULL = YES;
				CLANG_ANALYZER_NUMBER_OBJECT_CONVERSION = YES_AGGRESSIVE;
				CLANG_CXX_LANGUAGE_STANDARD = "gnu++14";
				CLANG_CXX_LIBRARY = "libc++";
				CLANG_ENABLE_MODULES = YES;
				CLANG_ENABLE_OBJC_ARC = YES;
				CLANG_WARN_BLOCK_CAPTURE_AUTORELEASING = YES;
				CLANG_WARN_BOOL_CONVERSION = YES;
				CLANG_WARN_COMMA = YES;
				CLANG_WARN_CONSTANT_CONVERSION = YES;
				CLANG_WARN_DEPRECATED_OBJC_IMPLEMENTATIONS = YES;
				CLANG_WARN_DIRECT_OBJC_ISA_USAGE = YES_ERROR;
				CLANG_WARN_DOCUMENTATION_COMMENTS = YES;
				CLANG_WARN_EMPTY_BODY = YES;
				CLANG_WARN_ENUM_CONVERSION = YES;
				CLANG_WARN_INFINITE_RECURSION = YES;
				CLANG_WARN_INT_CONVERSION = YES;
				CLANG_WARN_NON_LITERAL_NULL_CONVERSION = YES;
				CLANG_WARN_OBJC_IMPLICIT_RETAIN_SELF = YES;
				CLANG_WARN_OBJC_LITERAL_CONVERSION = YES;
				CLANG_WARN_OBJC_ROOT_CLASS = YES_ERROR;
				CLANG_WARN_RANGE_LOOP_ANALYSIS = YES;
				CLANG_WARN_STRICT_PROTOTYPES = YES;
				CLANG_WARN_SUSPICIOUS_MOVE = YES;
				CLANG_WARN_UNGUARDED_AVAILABILITY = YES_AGGRESSIVE;
				CLANG_WARN_UNREACHABLE_CODE = YES;
				CLANG_WARN__DUPLICATE_METHOD_MATCH = YES;
				CODE_SIGN_IDENTITY = "iPhone Developer";
				COPY_PHASE_STRIP = NO;
				DEBUG_INFORMATION_FORMAT = dwarf;
				ENABLE_STRICT_OBJC_MSGSEND = YES;
				ENABLE_TESTABILITY = YES;
				GCC_C_LANGUAGE_STANDARD = gnu11;
				GCC_DYNAMIC_NO_PIC = NO;
				GCC_NO_COMMON_BLOCKS = YES;
				GCC_OPTIMIZATION_LEVEL = 0;
				GCC_PREPROCESSOR_DEFINITIONS = (
					"DEBUG=1",
					"$(inherited)",
				);
				GCC_WARN_64_TO_32_BIT_CONVERSION = YES;
				GCC_WARN_ABOUT_RETURN_TYPE = YES_ERROR;
				GCC_WARN_UNDECLARED_SELECTOR = YES;
				GCC_WARN_UNINITIALIZED_AUTOS = YES_AGGRESSIVE;
				GCC_WARN_UNUSED_FUNCTION = YES;
				GCC_WARN_UNUSED_VARIABLE = YES;
				IPHONEOS_DEPLOYMENT_TARGET = 11.2;
				MTL_ENABLE_DEBUG_INFO = YES;
				ONLY_ACTIVE_ARCH = YES;
				SDKROOT = iphoneos;
				SWIFT_ACTIVE_COMPILATION_CONDITIONS = DEBUG;
				SWIFT_OPTIMIZATION_LEVEL = "-Onone";
			};
			name = Debug;
		};
		443E9871208BBC41008A833B /* Release */ = {
			isa = XCBuildConfiguration;
			buildSettings = {
				ALWAYS_SEARCH_USER_PATHS = NO;
				CLANG_ANALYZER_NONNULL = YES;
				CLANG_ANALYZER_NUMBER_OBJECT_CONVERSION = YES_AGGRESSIVE;
				CLANG_CXX_LANGUAGE_STANDARD = "gnu++14";
				CLANG_CXX_LIBRARY = "libc++";
				CLANG_ENABLE_MODULES = YES;
				CLANG_ENABLE_OBJC_ARC = YES;
				CLANG_WARN_BLOCK_CAPTURE_AUTORELEASING = YES;
				CLANG_WARN_BOOL_CONVERSION = YES;
				CLANG_WARN_COMMA = YES;
				CLANG_WARN_CONSTANT_CONVERSION = YES;
				CLANG_WARN_DEPRECATED_OBJC_IMPLEMENTATIONS = YES;
				CLANG_WARN_DIRECT_OBJC_ISA_USAGE = YES_ERROR;
				CLANG_WARN_DOCUMENTATION_COMMENTS = YES;
				CLANG_WARN_EMPTY_BODY = YES;
				CLANG_WARN_ENUM_CONVERSION = YES;
				CLANG_WARN_INFINITE_RECURSION = YES;
				CLANG_WARN_INT_CONVERSION = YES;
				CLANG_WARN_NON_LITERAL_NULL_CONVERSION = YES;
				CLANG_WARN_OBJC_IMPLICIT_RETAIN_SELF = YES;
				CLANG_WARN_OBJC_LITERAL_CONVERSION = YES;
				CLANG_WARN_OBJC_ROOT_CLASS = YES_ERROR;
				CLANG_WARN_RANGE_LOOP_ANALYSIS = YES;
				CLANG_WARN_STRICT_PROTOTYPES = YES;
				CLANG_WARN_SUSPICIOUS_MOVE = YES;
				CLANG_WARN_UNGUARDED_AVAILABILITY = YES_AGGRESSIVE;
				CLANG_WARN_UNREACHABLE_CODE = YES;
				CLANG_WARN__DUPLICATE_METHOD_MATCH = YES;
				CODE_SIGN_IDENTITY = "iPhone Developer";
				COPY_PHASE_STRIP = NO;
				DEBUG_INFORMATION_FORMAT = "dwarf-with-dsym";
				ENABLE_NS_ASSERTIONS = NO;
				ENABLE_STRICT_OBJC_MSGSEND = YES;
				GCC_C_LANGUAGE_STANDARD = gnu11;
				GCC_NO_COMMON_BLOCKS = YES;
				GCC_WARN_64_TO_32_BIT_CONVERSION = YES;
				GCC_WARN_ABOUT_RETURN_TYPE = YES_ERROR;
				GCC_WARN_UNDECLARED_SELECTOR = YES;
				GCC_WARN_UNINITIALIZED_AUTOS = YES_AGGRESSIVE;
				GCC_WARN_UNUSED_FUNCTION = YES;
				GCC_WARN_UNUSED_VARIABLE = YES;
				IPHONEOS_DEPLOYMENT_TARGET = 11.2;
				MTL_ENABLE_DEBUG_INFO = NO;
				SDKROOT = iphoneos;
				SWIFT_OPTIMIZATION_LEVEL = "-Owholemodule";
				VALIDATE_PRODUCT = YES;
			};
			name = Release;
		};
		443E9873208BBC41008A833B /* Debug */ = {
			isa = XCBuildConfiguration;
			baseConfigurationReference = F897670C7BDBC3FBD0146A6A /* Pods-ChatterBox.debug.xcconfig */;
			buildSettings = {
				ASSETCATALOG_COMPILER_APPICON_NAME = AppIcon;
				CODE_SIGN_STYLE = Automatic;
				DEVELOPMENT_TEAM = 6ZT386G464;
				INFOPLIST_FILE = ChatterBox/Info.plist;
				LD_RUNPATH_SEARCH_PATHS = "$(inherited) @executable_path/Frameworks";
				PRODUCT_BUNDLE_IDENTIFIER = com.NathanielRemy.ChatterBox;
				PRODUCT_NAME = "$(TARGET_NAME)";
				SWIFT_VERSION = 4.0;
				TARGETED_DEVICE_FAMILY = "1,2";
			};
			name = Debug;
		};
		443E9874208BBC41008A833B /* Release */ = {
			isa = XCBuildConfiguration;
			baseConfigurationReference = DEB378B4D4A285CE9B25A602 /* Pods-ChatterBox.release.xcconfig */;
			buildSettings = {
				ASSETCATALOG_COMPILER_APPICON_NAME = AppIcon;
				CODE_SIGN_STYLE = Automatic;
				DEVELOPMENT_TEAM = 6ZT386G464;
				INFOPLIST_FILE = ChatterBox/Info.plist;
				LD_RUNPATH_SEARCH_PATHS = "$(inherited) @executable_path/Frameworks";
				PRODUCT_BUNDLE_IDENTIFIER = com.NathanielRemy.ChatterBox;
				PRODUCT_NAME = "$(TARGET_NAME)";
				SWIFT_VERSION = 4.0;
				TARGETED_DEVICE_FAMILY = "1,2";
			};
			name = Release;
		};
/* End XCBuildConfiguration section */

/* Begin XCConfigurationList section */
		443E985B208BBC41008A833B /* Build configuration list for PBXProject "ChatterBox" */ = {
			isa = XCConfigurationList;
			buildConfigurations = (
				443E9870208BBC41008A833B /* Debug */,
				443E9871208BBC41008A833B /* Release */,
			);
			defaultConfigurationIsVisible = 0;
			defaultConfigurationName = Release;
		};
		443E9872208BBC41008A833B /* Build configuration list for PBXNativeTarget "ChatterBox" */ = {
			isa = XCConfigurationList;
			buildConfigurations = (
				443E9873208BBC41008A833B /* Debug */,
				443E9874208BBC41008A833B /* Release */,
			);
			defaultConfigurationIsVisible = 0;
			defaultConfigurationName = Release;
		};
/* End XCConfigurationList section */
	};
	rootObject = 443E9858208BBC41008A833B /* Project object */;
}
